# This file was autogenerated by Stack.
# You should not edit this file by hand.
# For more information, please see the documentation at:
#   https://docs.haskellstack.org/en/stable/lock_files

packages:
- completed:
    hackage: ansi-terminal-0.11.5@sha256:2fe3d006b9ea0dc1a5537a029edb0bc2bbe56a33a6d95264b38b54c58e931e51,3752
    pantry-tree:
      sha256: a9564fdb057ec50fd46b14cd2964fff101dcd0ed5a8c13b72ddeba736a600cba
      size: 1388
  original:
    hackage: ansi-terminal-0.11.5
- completed:
    hackage: brick-0.50@sha256:c06764c6471f982283d68757dbbf6ab6c75a7e86dd9ca93d3abad7e9c89b766a,14378
    pantry-tree:
      sha256: 1ab53febbcfb7f5b4e937f44184a4d63c278a0cca721bb896a65e502548b8084
      size: 3752
  original:
    hackage: brick-0.50
- completed:
    hackage: derive-storable-plugin-0.2.3.7@sha256:f82b5cc67d7affbb41040d3a5812e6a587894e232e7a5d5ccb33103836e51fa6,2868
    pantry-tree:
      sha256: b11fd39df181394cc3cb37d4cc43149ef776ab2c079413c84ad59f3904ff557f
      size: 1411
  original:
    hackage: derive-storable-plugin-0.2.3.7
- completed:
    hackage: hedgehog-1.2@sha256:cb20b0f1dad7a7e4461085ea2d8ef084a19d0d5f137133bf88d1fd2f7ce9a5aa,4561
    pantry-tree:
      sha256: 6b7dd0b695855ea1257f2c011f8aa1340eb83a38991260bd8ed68caf7e49d026
      size: 2713
  original:
    hackage: hedgehog-1.2
- completed:
    hackage: hedgehog-fakedata-0.0.1.5@sha256:d8059e4ef9b7b4112bef9791300118f3a2d776bb191e50b41635a411af609428,1424
    pantry-tree:
      sha256: edec7902e8dc5ba4a981ebf09b0c96a54605b534b8fbc96c76402e8e640fe640
      size: 379
  original:
    hackage: hedgehog-fakedata-0.0.1.5
- completed:
    hackage: rewrite-inspector-0.1.0.11@sha256:44bf6d7b2f6ac564cb80120eec5dfd0f3cc3061f14206fbf071126dada8ceb73,2879
    pantry-tree:
      sha256: dc04abc702815fae93e5995a3ea24323f40972d809d745cb4c39c7bd5f4607e0
      size: 610
  original:
    hackage: rewrite-inspector-0.1.0.11
- completed:
    hackage: tasty-1.5@sha256:2dc91101339814be9913846ca8c424d1c3eccfefb27c6335f3fea2af40a3d2e4,2870
    pantry-tree:
      sha256: 0a7c186a9aab2f01a3bcdfad12f107e07ca2c414e93266d883ec770616f79448
      size: 1944
  original:
    hackage: tasty-1.5
- completed:
    hackage: tasty-hedgehog-1.4.0.1@sha256:2392f574160a0122c83ef2cb9834ed50dba138cf9ba2c1cec18755fe1d2096c1,1852
    pantry-tree:
      sha256: 03b1996636c9157d5e086ee31cfdaa130a3cc002cb9354bb6ddeb426f35216e9
      size: 331
  original:
    hackage: tasty-hedgehog-1.4.0.1
snapshots:
- completed:
    sha256: 4fed6e25f45c988efd4607a81b722ca16dc980d9a1009c09aee6a0a512c47e70
    size: 699417
    url: https://raw.githubusercontent.com/commercialhaskell/stackage-snapshots/master/nightly/2023/11/25.yaml
  original: nightly-2023-11-25
